{
  "name": "cb_to_agile",
  "version": "1.0.0",
  "lockfileVersion": 1,
  "requires": true,
  "dependencies": {
    "agile_crm": {
      "version": "1.2.5",
      "resolved": "https://registry.npmjs.org/agile_crm/-/agile_crm-1.2.5.tgz",
      "integrity": "sha1-gj+s18LUpzesJ2viFc9t6wwylVg="
    },
    "agilecrm": {
      "version": "1.0.0",
      "resolved": "https://registry.npmjs.org/agilecrm/-/agilecrm-1.0.0.tgz",
      "integrity": "sha1-6Q8E1HYEKQ8DCKEEfWsTXR6vZSg="
    },
    "chargebee": {
      "version": "1.3.6",
      "resolved": "https://registry.npmjs.org/chargebee/-/chargebee-1.3.6.tgz",
      "integrity": "sha512-gkomtcgDS/ggvyBKQNSHbqaeW4xXlsxnt0DTO97Lnzp3pq2Pys4xL710/7Ma4FGMxX7aET8yeBQtQNT5BtCQtw==",
      "requires": {
        "q": ">=1.0.1"
      }
    },
    "q": {
      "version": "1.5.1",
      "resolved": "https://registry.npmjs.org/q/-/q-1.5.1.tgz",
      "integrity": "sha1-fjL3W0E4EpHQRhHxvxQQmsAGUdc="
    }
  }
}
